// !$*UTF8*$!
{
	archiveVersion = 1;
	classes = {
	};
	objectVersion = 50;
	objects = {

/* Begin PBXBuildFile section */
		0A517591219F6F8F005544F6 /* AppDelegate.swift in Sources */ = {isa = PBXBuildFile; fileRef = 0A517590219F6F8F005544F6 /* AppDelegate.swift */; };
		0A517593219F6F8F005544F6 /* ViewController.swift in Sources */ = {isa = PBXBuildFile; fileRef = 0A517592219F6F8F005544F6 /* ViewController.swift */; };
		0A517596219F6F8F005544F6 /* Main.storyboard in Resources */ = {isa = PBXBuildFile; fileRef = 0A517594219F6F8F005544F6 /* Main.storyboard */; };
		0A517598219F6F90005544F6 /* Assets.xcassets in Resources */ = {isa = PBXBuildFile; fileRef = 0A517597219F6F90005544F6 /* Assets.xcassets */; };
		0A51759B219F6F90005544F6 /* LaunchScreen.storyboard in Resources */ = {isa = PBXBuildFile; fileRef = 0A517599219F6F90005544F6 /* LaunchScreen.storyboard */; };
		0A5175A6219F6F90005544F6 /* NyackMagic8Tests.swift in Sources */ = {isa = PBXBuildFile; fileRef = 0A5175A5219F6F90005544F6 /* NyackMagic8Tests.swift */; };
		0A5175B1219F6F90005544F6 /* NyackMagic8UITests.swift in Sources */ = {isa = PBXBuildFile; fileRef = 0A5175B0219F6F90005544F6 /* NyackMagic8UITests.swift */; };
/* End PBXBuildFile section */

/* Begin PBXContainerItemProxy section */
		0A5175A2219F6F90005544F6 /* PBXContainerItemProxy */ = {
			isa = PBXContainerItemProxy;
			containerPortal = 0A517585219F6F8F005544F6 /* Project object */;
			proxyType = 1;
			remoteGlobalIDString = 0A51758C219F6F8F005544F6;
			remoteInfo = NyackMagic8;
		};
		0A5175AD219F6F90005544F6 /* PBXContainerItemProxy */ = {
			isa = PBXContainerItemProxy;
			containerPortal = 0A517585219F6F8F005544F6 /* Project object */;
			proxyType = 1;
			remoteGlobalIDString = 0A51758C219F6F8F005544F6;
			remoteInfo = NyackMagic8;
		};
/* End PBXContainerItemProxy section */

/* Begin PBXFileReference section */
		0A51758D219F6F8F005544F6 /* NyackMagic8.app */ = {isa = PBXFileReference; explicitFileType = wrapper.application; includeInIndex = 0; path = NyackMagic8.app; sourceTree = BUILT_PRODUCTS_DIR; };
		0A517590219F6F8F005544F6 /* AppDelegate.swift */ = {isa = PBXFileReference; lastKnownFileType = sourcecode.swift; path = AppDelegate.swift; sourceTree = "<group>"; };
		0A517592219F6F8F005544F6 /* ViewController.swift */ = {isa = PBXFileReference; lastKnownFileType = sourcecode.swift; path = ViewController.swift; sourceTree = "<group>"; };
		0A517595219F6F8F005544F6 /* Base */ = {isa = PBXFileReference; lastKnownFileType = file.storyboard; name = Base; path = Base.lproj/Main.storyboard; sourceTree = "<group>"; };
		0A517597219F6F90005544F6 /* Assets.xcassets */ = {isa = PBXFileReference; lastKnownFileType = folder.assetcatalog; path = Assets.xcassets; sourceTree = "<group>"; };
		0A51759A219F6F90005544F6 /* Base */ = {isa = PBXFileReference; lastKnownFileType = file.storyboard; name = Base; path = Base.lproj/LaunchScreen.storyboard; sourceTree = "<group>"; };
		0A51759C219F6F90005544F6 /* Info.plist */ = {isa = PBXFileReference; lastKnownFileType = text.plist.xml; path = Info.plist; sourceTree = "<group>"; };
		0A5175A1219F6F90005544F6 /* NyackMagic8Tests.xctest */ = {isa = PBXFileReference; explicitFileType = wrapper.cfbundle; includeInIndex = 0; path = NyackMagic8Tests.xctest; sourceTree = BUILT_PRODUCTS_DIR; };
		0A5175A5219F6F90005544F6 /* NyackMagic8Tests.swift */ = {isa = PBXFileReference; lastKnownFileType = sourcecode.swift; path = NyackMagic8Tests.swift; sourceTree = "<group>"; };
		0A5175A7219F6F90005544F6 /* Info.plist */ = {isa = PBXFileReference; lastKnownFileType = text.plist.xml; path = Info.plist; sourceTree = "<group>"; };
		0A5175AC219F6F90005544F6 /* NyackMagic8UITests.xctest */ = {isa = PBXFileReference; explicitFileType = wrapper.cfbundle; includeInIndex = 0; path = NyackMagic8UITests.xctest; sourceTree = BUILT_PRODUCTS_DIR; };
		0A5175B0219F6F90005544F6 /* NyackMagic8UITests.swift */ = {isa = PBXFileReference; lastKnownFileType = sourcecode.swift; path = NyackMagic8UITests.swift; sourceTree = "<group>"; };
		0A5175B2219F6F90005544F6 /* Info.plist */ = {isa = PBXFileReference; lastKnownFileType = text.plist.xml; path = Info.plist; sourceTree = "<group>"; };
/* End PBXFileReference section */

/* Begin PBXFrameworksBuildPhase section */
		0A51758A219F6F8F005544F6 /* Frameworks */ = {
			isa = PBXFrameworksBuildPhase;
			buildActionMask = 2147483647;
			files = (
			);
			runOnlyForDeploymentPostprocessing = 0;
		};
		0A51759E219F6F90005544F6 /* Frameworks */ = {
			isa = PBXFrameworksBuildPhase;
			buildActionMask = 2147483647;
			files = (
			);
			runOnlyForDeploymentPostprocessing = 0;
		};
		0A5175A9219F6F90005544F6 /* Frameworks */ = {
			isa = PBXFrameworksBuildPhase;
			buildActionMask = 2147483647;
			files = (
			);
			runOnlyForDeploymentPostprocessing = 0;
		};
/* End PBXFrameworksBuildPhase section */

/* Begin PBXGroup section */
		0A517584219F6F8F005544F6 = {
			isa = PBXGroup;
			children = (
				0A51758F219F6F8F005544F6 /* NyackMagic8 */,
				0A5175A4219F6F90005544F6 /* NyackMagic8Tests */,
				0A5175AF219F6F90005544F6 /* NyackMagic8UITests */,
				0A51758E219F6F8F005544F6 /* Products */,
			);
			sourceTree = "<group>";
		};
		0A51758E219F6F8F005544F6 /* Products */ = {
			isa = PBXGroup;
			children = (
				0A51758D219F6F8F005544F6 /* NyackMagic8.app */,
				0A5175A1219F6F90005544F6 /* NyackMagic8Tests.xctest */,
				0A5175AC219F6F90005544F6 /* NyackMagic8UITests.xctest */,
			);
			name = Products;
			sourceTree = "<group>";
		};
		0A51758F219F6F8F005544F6 /* NyackMagic8 */ = {
			isa = PBXGroup;
			children = (
				0A517590219F6F8F005544F6 /* AppDelegate.swift */,
				0A517592219F6F8F005544F6 /* ViewController.swift */,
				0A517594219F6F8F005544F6 /* Main.storyboard */,
				0A517597219F6F90005544F6 /* Assets.xcassets */,
				0A517599219F6F90005544F6 /* LaunchScreen.storyboard */,
				0A51759C219F6F90005544F6 /* Info.plist */,
			);
			path = NyackMagic8;
			sourceTree = "<group>";
		};
		0A5175A4219F6F90005544F6 /* NyackMagic8Tests */ = {
			isa = PBXGroup;
			children = (
				0A5175A5219F6F90005544F6 /* NyackMagic8Tests.swift */,
				0A5175A7219F6F90005544F6 /* Info.plist */,
			);
			path = NyackMagic8Tests;
			sourceTree = "<group>";
		};
		0A5175AF219F6F90005544F6 /* NyackMagic8UITests */ = {
			isa = PBXGroup;
			children = (
				0A5175B0219F6F90005544F6 /* NyackMagic8UITests.swift */,
				0A5175B2219F6F90005544F6 /* Info.plist */,
			);
			path = NyackMagic8UITests;
			sourceTree = "<group>";
		};
/* End PBXGroup section */

/* Begin PBXNativeTarget section */
		0A51758C219F6F8F005544F6 /* NyackMagic8 */ = {
			isa = PBXNativeTarget;
			buildConfigurationList = 0A5175B5219F6F90005544F6 /* Build configuration list for PBXNativeTarget "NyackMagic8" */;
			buildPhases = (
				0A517589219F6F8F005544F6 /* Sources */,
				0A51758A219F6F8F005544F6 /* Frameworks */,
				0A51758B219F6F8F005544F6 /* Resources */,
			);
			buildRules = (
			);
			dependencies = (
			);
			name = NyackMagic8;
			productName = NyackMagic8;
			productReference = 0A51758D219F6F8F005544F6 /* NyackMagic8.app */;
			productType = "com.apple.product-type.application";
		};
		0A5175A0219F6F90005544F6 /* NyackMagic8Tests */ = {
			isa = PBXNativeTarget;
			buildConfigurationList = 0A5175B8219F6F90005544F6 /* Build configuration list for PBXNativeTarget "NyackMagic8Tests" */;
			buildPhases = (
				0A51759D219F6F90005544F6 /* Sources */,
				0A51759E219F6F90005544F6 /* Frameworks */,
				0A51759F219F6F90005544F6 /* Resources */,
			);
			buildRules = (
			);
			dependencies = (
				0A5175A3219F6F90005544F6 /* PBXTargetDependency */,
			);
			name = NyackMagic8Tests;
			productName = NyackMagic8Tests;
			productReference = 0A5175A1219F6F90005544F6 /* NyackMagic8Tests.xctest */;
			productType = "com.apple.product-type.bundle.unit-test";
		};
		0A5175AB219F6F90005544F6 /* NyackMagic8UITests */ = {
			isa = PBXNativeTarget;
			buildConfigurationList = 0A5175BB219F6F90005544F6 /* Build configuration list for PBXNativeTarget "NyackMagic8UITests" */;
			buildPhases = (
				0A5175A8219F6F90005544F6 /* Sources */,
				0A5175A9219F6F90005544F6 /* Frameworks */,
				0A5175AA219F6F90005544F6 /* Resources */,
			);
			buildRules = (
			);
			dependencies = (
				0A5175AE219F6F90005544F6 /* PBXTargetDependency */,
			);
			name = NyackMagic8UITests;
			productName = NyackMagic8UITests;
			productReference = 0A5175AC219F6F90005544F6 /* NyackMagic8UITests.xctest */;
			productType = "com.apple.product-type.bundle.ui-testing";
		};
/* End PBXNativeTarget section */

/* Begin PBXProject section */
		0A517585219F6F8F005544F6 /* Project object */ = {
			isa = PBXProject;
			attributes = {
				LastSwiftUpdateCheck = 1000;
				LastUpgradeCheck = 1000;
				ORGANIZATIONNAME = "Saunaka Rishi";
				TargetAttributes = {
					0A51758C219F6F8F005544F6 = {
						CreatedOnToolsVersion = 10.0;
					};
					0A5175A0219F6F90005544F6 = {
						CreatedOnToolsVersion = 10.0;
						TestTargetID = 0A51758C219F6F8F005544F6;
					};
					0A5175AB219F6F90005544F6 = {
						CreatedOnToolsVersion = 10.0;
						TestTargetID = 0A51758C219F6F8F005544F6;
					};
				};
			};
			buildConfigurationList = 0A517588219F6F8F005544F6 /* Build configuration list for PBXProject "NyackMagic8" */;
			compatibilityVersion = "Xcode 9.3";
			developmentRegion = en;
			hasScannedForEncodings = 0;
			knownRegions = (
				en,
				Base,
			);
			mainGroup = 0A517584219F6F8F005544F6;
			productRefGroup = 0A51758E219F6F8F005544F6 /* Products */;
			projectDirPath = "";
			projectRoot = "";
			targets = (
				0A51758C219F6F8F005544F6 /* NyackMagic8 */,
				0A5175A0219F6F90005544F6 /* NyackMagic8Tests */,
				0A5175AB219F6F90005544F6 /* NyackMagic8UITests */,
			);
		};
/* End PBXProject section */

/* Begin PBXResourcesBuildPhase section */
		0A51758B219F6F8F005544F6 /* Resources */ = {
			isa = PBXResourcesBuildPhase;
			buildActionMask = 2147483647;
			files = (
				0A51759B219F6F90005544F6 /* LaunchScreen.storyboard in Resources */,
				0A517598219F6F90005544F6 /* Assets.xcassets in Resources */,
				0A517596219F6F8F005544F6 /* Main.storyboard in Resources */,
			);
			runOnlyForDeploymentPostprocessing = 0;
		};
		0A51759F219F6F90005544F6 /* Resources */ = {
			isa = PBXResourcesBuildPhase;
			buildActionMask = 2147483647;
			files = (
			);
			runOnlyForDeploymentPostprocessing = 0;
		};
		0A5175AA219F6F90005544F6 /* Resources */ = {
			isa = PBXResourcesBuildPhase;
			buildActionMask = 2147483647;
			files = (
			);
			runOnlyForDeploymentPostprocessing = 0;
		};
/* End PBXResourcesBuildPhase section */

/* Begin PBXSourcesBuildPhase section */
		0A517589219F6F8F005544F6 /* Sources */ = {
			isa = PBXSourcesBuildPhase;
			buildActionMask = 2147483647;
			files = (
				0A517593219F6F8F005544F6 /* ViewController.swift in Sources */,
				0A517591219F6F8F005544F6 /* AppDelegate.swift in Sources */,
			);
			runOnlyForDeploymentPostprocessing = 0;
		};
		0A51759D219F6F90005544F6 /* Sources */ = {
			isa = PBXSourcesBuildPhase;
			buildActionMask = 2147483647;
			files = (
				0A5175A6219F6F90005544F6 /* NyackMagic8Tests.swift in Sources */,
			);
			runOnlyForDeploymentPostprocessing = 0;
		};
		0A5175A8219F6F90005544F6 /* Sources */ = {
			isa = PBXSourcesBuildPhase;
			buildActionMask = 2147483647;
			files = (
				0A5175B1219F6F90005544F6 /* NyackMagic8UITests.swift in Sources */,
			);
			runOnlyForDeploymentPostprocessing = 0;
		};
/* End PBXSourcesBuildPhase section */

/* Begin PBXTargetDependency section */
		0A5175A3219F6F90005544F6 /* PBXTargetDependency */ = {
			isa = PBXTargetDependency;
			target = 0A51758C219F6F8F005544F6 /* NyackMagic8 */;
			targetProxy = 0A5175A2219F6F90005544F6 /* PBXContainerItemProxy */;
		};
		0A5175AE219F6F90005544F6 /* PBXTargetDependency */ = {
			isa = PBXTargetDependency;
			target = 0A51758C219F6F8F005544F6 /* NyackMagic8 */;
			targetProxy = 0A5175AD219F6F90005544F6 /* PBXContainerItemProxy */;
		};
/* End PBXTargetDependency section */

/* Begin PBXVariantGroup section */
		0A517594219F6F8F005544F6 /* Main.storyboard */ = {
			isa = PBXVariantGroup;
			children = (
				0A517595219F6F8F005544F6 /* Base */,
			);
			name = Main.storyboard;
			sourceTree = "<group>";
		};
		0A517599219F6F90005544F6 /* LaunchScreen.storyboard */ = {
			isa = PBXVariantGroup;
			children = (
				0A51759A219F6F90005544F6 /* Base */,
			);
			name = LaunchScreen.storyboard;
			sourceTree = "<group>";
		};
/* End PBXVariantGroup section */

/* Begin XCBuildConfiguration section */
		0A5175B3219F6F90005544F6 /* Debug */ = {
			isa = XCBuildConfiguration;
			buildSettings = {
				ALWAYS_SEARCH_USER_PATHS = NO;
				CLANG_ANALYZER_NONNULL = YES;
				CLANG_ANALYZER_NUMBER_OBJECT_CONVERSION = YES_AGGRESSIVE;
				CLANG_CXX_LANGUAGE_STANDARD = "gnu++14";
				CLANG_CXX_LIBRARY = "libc++";
				CLANG_ENABLE_MODULES = YES;
				CLANG_ENABLE_OBJC_ARC = YES;
				CLANG_ENABLE_OBJC_WEAK = YES;
				CLANG_WARN_BLOCK_CAPTURE_AUTORELEASING = YES;
				CLANG_WARN_BOOL_CONVERSION = YES;
				CLANG_WARN_COMMA = YES;
				CLANG_WARN_CONSTANT_CONVERSION = YES;
				CLANG_WARN_DEPRECATED_OBJC_IMPLEMENTATIONS = YES;
				CLANG_WARN_DIRECT_OBJC_ISA_USAGE = YES_ERROR;
				CLANG_WARN_DOCUMENTATION_COMMENTS = YES;
				CLANG_WARN_EMPTY_BODY = YES;
				CLANG_WARN_ENUM_CONVERSION = YES;
				CLANG_WARN_INFINITE_RECURSION = YES;
				CLANG_WARN_INT_CONVERSION = YES;
				CLANG_WARN_NON_LITERAL_NULL_CONVERSION = YES;
				CLANG_WARN_OBJC_IMPLICIT_RETAIN_SELF = YES;
				CLANG_WARN_OBJC_LITERAL_CONVERSION = YES;
				CLANG_WARN_OBJC_ROOT_CLASS = YES_ERROR;
				CLANG_WARN_RANGE_LOOP_ANALYSIS = YES;
				CLANG_WARN_STRICT_PROTOTYPES = YES;
				CLANG_WARN_SUSPICIOUS_MOVE = YES;
				CLANG_WARN_UNGUARDED_AVAILABILITY = YES_AGGRESSIVE;
				CLANG_WARN_UNREACHABLE_CODE = YES;
				CLANG_WARN__DUPLICATE_METHOD_MATCH = YES;
				CODE_SIGN_IDENTITY = "iPhone Developer";
				COPY_PHASE_STRIP = NO;
				DEBUG_INFORMATION_FORMAT = dwarf;
				ENABLE_STRICT_OBJC_MSGSEND = YES;
				ENABLE_TESTABILITY = YES;
				GCC_C_LANGUAGE_STANDARD = gnu11;
				GCC_DYNAMIC_NO_PIC = NO;
				GCC_NO_COMMON_BLOCKS = YES;
				GCC_OPTIMIZATION_LEVEL = 0;
				GCC_PREPROCESSOR_DEFINITIONS = (
					"DEBUG=1",
					"$(inherited)",
				);
				GCC_WARN_64_TO_32_BIT_CONVERSION = YES;
				GCC_WARN_ABOUT_RETURN_TYPE = YES_ERROR;
				GCC_WARN_UNDECLARED_SELECTOR = YES;
				GCC_WARN_UNINITIALIZED_AUTOS = YES_AGGRESSIVE;
				GCC_WARN_UNUSED_FUNCTION = YES;
				GCC_WARN_UNUSED_VARIABLE = YES;
				IPHONEOS_DEPLOYMENT_TARGET = 12.0;
				MTL_ENABLE_DEBUG_INFO = INCLUDE_SOURCE;
				MTL_FAST_MATH = YES;
				ONLY_ACTIVE_ARCH = YES;
				SDKROOT = iphoneos;
				SWIFT_ACTIVE_COMPILATION_CONDITIONS = DEBUG;
				SWIFT_OPTIMIZATION_LEVEL = "-Onone";
			};
			name = Debug;
		};
		0A5175B4219F6F90005544F6 /* Release */ = {
			isa = XCBuildConfiguration;
			buildSettings = {
				ALWAYS_SEARCH_USER_PATHS = NO;
				CLANG_ANALYZER_NONNULL = YES;
				CLANG_ANALYZER_NUMBER_OBJECT_CONVERSION = YES_AGGRESSIVE;
				CLANG_CXX_LANGUAGE_STANDARD = "gnu++14";
				CLANG_CXX_LIBRARY = "libc++";
				CLANG_ENABLE_MODULES = YES;
				CLANG_ENABLE_OBJC_ARC = YES;
				CLANG_ENABLE_OBJC_WEAK = YES;
				CLANG_WARN_BLOCK_CAPTURE_AUTORELEASING = YES;
				CLANG_WARN_BOOL_CONVERSION = YES;
				CLANG_WARN_COMMA = YES;
				CLANG_WARN_CONSTANT_CONVERSION = YES;
				CLANG_WARN_DEPRECATED_OBJC_IMPLEMENTATIONS = YES;
				CLANG_WARN_DIRECT_OBJC_ISA_USAGE = YES_ERROR;
				CLANG_WARN_DOCUMENTATION_COMMENTS = YES;
				CLANG_WARN_EMPTY_BODY = YES;
				CLANG_WARN_ENUM_CONVERSION = YES;
				CLANG_WARN_INFINITE_RECURSION = YES;
				CLANG_WARN_INT_CONVERSION = YES;
				CLANG_WARN_NON_LITERAL_NULL_CONVERSION = YES;
				CLANG_WARN_OBJC_IMPLICIT_RETAIN_SELF = YES;
				CLANG_WARN_OBJC_LITERAL_CONVERSION = YES;
				CLANG_WARN_OBJC_ROOT_CLASS = YES_ERROR;
				CLANG_WARN_RANGE_LOOP_ANALYSIS = YES;
				CLANG_WARN_STRICT_PROTOTYPES = YES;
				CLANG_WARN_SUSPICIOUS_MOVE = YES;
				CLANG_WARN_UNGUARDED_AVAILABILITY = YES_AGGRESSIVE;
				CLANG_WARN_UNREACHABLE_CODE = YES;
				CLANG_WARN__DUPLICATE_METHOD_MATCH = YES;
				CODE_SIGN_IDENTITY = "iPhone Developer";
				COPY_PHASE_STRIP = NO;
				DEBUG_INFORMATION_FORMAT = "dwarf-with-dsym";
				ENABLE_NS_ASSERTIONS = NO;
				ENABLE_STRICT_OBJC_MSGSEND = YES;
				GCC_C_LANGUAGE_STANDARD = gnu11;
				GCC_NO_COMMON_BLOCKS = YES;
				GCC_WARN_64_TO_32_BIT_CONVERSION = YES;
				GCC_WARN_ABOUT_RETURN_TYPE = YES_ERROR;
				GCC_WARN_UNDECLARED_SELECTOR = YES;
				GCC_WARN_UNINITIALIZED_AUTOS = YES_AGGRESSIVE;
				GCC_WARN_UNUSED_FUNCTION = YES;
				GCC_WARN_UNUSED_VARIABLE = YES;
				IPHONEOS_DEPLOYMENT_TARGET = 12.0;
				MTL_ENABLE_DEBUG_INFO = NO;
				MTL_FAST_MATH = YES;
				SDKROOT = iphoneos;
				SWIFT_COMPILATION_MODE = wholemodule;
				SWIFT_OPTIMIZATION_LEVEL = "-O";
				VALIDATE_PRODUCT = YES;
			};
			name = Release;
		};
		0A5175B6219F6F90005544F6 /* Debug */ = {
			isa = XCBuildConfiguration;
			buildSettings = {
				ASSETCATALOG_COMPILER_APPICON_NAME = AppIcon;
				CODE_SIGN_STYLE = Automatic;
				DEVELOPMENT_TEAM = LGAWTJD3PQ;
				INFOPLIST_FILE = NyackMagic8/Info.plist;
				LD_RUNPATH_SEARCH_PATHS = (
					"$(inherited)",
					"@executable_path/Frameworks",
				);
				PRODUCT_BUNDLE_IDENTIFIER = com.saunakarishi.NyackMagic8;
				PRODUCT_NAME = "$(TARGET_NAME)";
				SWIFT_VERSION = 4.2;
				TARGETED_DEVICE_FAMILY = "1,2";
			};
			name = Debug;
		};
		0A5175B7219F6F90005544F6 /* Release */ = {
			isa = XCBuildConfiguration;
			buildSettings = {
				ASSETCATALOG_COMPILER_APPICON_NAME = AppIcon;
				CODE_SIGN_STYLE = Automatic;
				DEVELOPMENT_TEAM = LGAWTJD3PQ;
				INFOPLIST_FILE = NyackMagic8/Info.plist;
				LD_RUNPATH_SEARCH_PATHS = (
					"$(inherited)",
					"@executable_path/Frameworks",
				);
				PRODUCT_BUNDLE_IDENTIFIER = com.saunakarishi.NyackMagic8;
				PRODUCT_NAME = "$(TARGET_NAME)";
				SWIFT_VERSION = 4.2;
				TARGETED_DEVICE_FAMILY = "1,2";
			};
			name = Release;
		};
		0A5175B9219F6F90005544F6 /* Debug */ = {
			isa = XCBuildConfiguration;
			buildSettings = {
				ALWAYS_EMBED_SWIFT_STANDARD_LIBRARIES = YES;
				BUNDLE_LOADER = "$(TEST_HOST)";
				CODE_SIGN_STYLE = Automatic;
				DEVELOPMENT_TEAM = LGAWTJD3PQ;
				INFOPLIST_FILE = NyackMagic8Tests/Info.plist;
				LD_RUNPATH_SEARCH_PATHS = (
					"$(inherited)",
					"@executable_path/Frameworks",
					"@loader_path/Frameworks",
				);
				PRODUCT_BUNDLE_IDENTIFIER = com.saunakarishi.NyackMagic8Tests;
				PRODUCT_NAME = "$(TARGET_NAME)";
				SWIFT_VERSION = 4.2;
				TARGETED_DEVICE_FAMILY = "1,2";
				TEST_HOST = "$(BUILT_PRODUCTS_DIR)/NyackMagic8.app/NyackMagic8";
			};
			name = Debug;
		};
		0A5175BA219F6F90005544F6 /* Release */ = {
			isa = XCBuildConfiguration;
			buildSettings = {
				ALWAYS_EMBED_SWIFT_STANDARD_LIBRARIES = YES;
				BUNDLE_LOADER = "$(TEST_HOST)";
				CODE_SIGN_STYLE = Automatic;
				DEVELOPMENT_TEAM = LGAWTJD3PQ;
				INFOPLIST_FILE = NyackMagic8Tests/Info.plist;
				LD_RUNPATH_SEARCH_PATHS = (
					"$(inherited)",
					"@executable_path/Frameworks",
					"@loader_path/Frameworks",
				);
				PRODUCT_BUNDLE_IDENTIFIER = com.saunakarishi.NyackMagic8Tests;
				PRODUCT_NAME = "$(TARGET_NAME)";
				SWIFT_VERSION = 4.2;
				TARGETED_DEVICE_FAMILY = "1,2";
				TEST_HOST = "$(BUILT_PRODUCTS_DIR)/NyackMagic8.app/NyackMagic8";
			};
			name = Release;
		};
		0A5175BC219F6F90005544F6 /* Debug */ = {
			isa = XCBuildConfiguration;
			buildSettings = {
				ALWAYS_EMBED_SWIFT_STANDARD_LIBRARIES = YES;
				CODE_SIGN_STYLE = Automatic;
				DEVELOPMENT_TEAM = LGAWTJD3PQ;
				INFOPLIST_FILE = NyackMagic8UITests/Info.plist;
				LD_RUNPATH_SEARCH_PATHS = (
					"$(inherited)",
					"@executable_path/Frameworks",
					"@loader_path/Frameworks",
				);
				PRODUCT_BUNDLE_IDENTIFIER = com.saunakarishi.NyackMagic8UITests;
				PRODUCT_NAME = "$(TARGET_NAME)";
				SWIFT_VERSION = 4.2;
				TARGETED_DEVICE_FAMILY = "1,2";
				TEST_TARGET_NAME = NyackMagic8;
			};
			name = Debug;
		};
		0A5175BD219F6F90005544F6 /* Release */ = {
			isa = XCBuildConfiguration;
			buildSettings = {
				ALWAYS_EMBED_SWIFT_STANDARD_LIBRARIES = YES;
				CODE_SIGN_STYLE = Automatic;
				DEVELOPMENT_TEAM = LGAWTJD3PQ;
				INFOPLIST_FILE = NyackMagic8UITests/Info.plist;
				LD_RUNPATH_SEARCH_PATHS = (
					"$(inherited)",
					"@executable_path/Frameworks",
					"@loader_path/Frameworks",
				);
				PRODUCT_BUNDLE_IDENTIFIER = com.saunakarishi.NyackMagic8UITests;
				PRODUCT_NAME = "$(TARGET_NAME)";
				SWIFT_VERSION = 4.2;
				TARGETED_DEVICE_FAMILY = "1,2";
				TEST_TARGET_NAME = NyackMagic8;
			};
			name = Release;
		};
/* End XCBuildConfiguration section */

/* Begin XCConfigurationList section */
		0A517588219F6F8F005544F6 /* Build configuration list for PBXProject "NyackMagic8" */ = {
			isa = XCConfigurationList;
			buildConfigurations = (
				0A5175B3219F6F90005544F6 /* Debug */,
				0A5175B4219F6F90005544F6 /* Release */,
			);
			defaultConfigurationIsVisible = 0;
			defaultConfigurationName = Release;
		};
		0A5175B5219F6F90005544F6 /* Build configuration list for PBXNativeTarget "NyackMagic8" */ = {
			isa = XCConfigurationList;
			buildConfigurations = (
				0A5175B6219F6F90005544F6 /* Debug */,
				0A5175B7219F6F90005544F6 /* Release */,
			);
			defaultConfigurationIsVisible = 0;
			defaultConfigurationName = Release;
		};
		0A5175B8219F6F90005544F6 /* Build configuration list for PBXNativeTarget "NyackMagic8Tests" */ = {
			isa = XCConfigurationList;
			buildConfigurations = (
				0A5175B9219F6F90005544F6 /* Debug */,
				0A5175BA219F6F90005544F6 /* Release */,
			);
			defaultConfigurationIsVisible = 0;
			defaultConfigurationName = Release;
		};
		0A5175BB219F6F90005544F6 /* Build configuration list for PBXNativeTarget "NyackMagic8UITests" */ = {
			isa = XCConfigurationList;
			buildConfigurations = (
				0A5175BC219F6F90005544F6 /* Debug */,
				0A5175BD219F6F90005544F6 /* Release */,
			);
			defaultConfigurationIsVisible = 0;
			defaultConfigurationName = Release;
		};
/* End XCConfigurationList section */
	};
	rootObject = 0A517585219F6F8F005544F6 /* Project object */;
}
